# @generated by Move, please check-in and do not edit manually.

[move]
version = 3
manifest_digest = "9EE2ADE53C43DA3ECABFC8067F6243120CC401610D30BCDDEB321A06F5270E45"
deps_digest = "F9B494B64F0615AED0E98FC12A85B85ECD2BC5185C22D30E7F67786BB52E507C"
dependencies = [
  { id = "Bridge", name = "Bridge" },
  { id = "MoveStdlib", name = "MoveStdlib" },
  { id = "Sui", name = "Sui" },
  { id = "SuiSystem", name = "SuiSystem" },
]

[[move.package]]
id = "Bridge"
source = { git = "https://github.com/MystenLabs/sui.git", rev = "2c930c25f8d3", subdir = "crates/sui-framework/packages/bridge" }

dependencies = [
  { id = "MoveStdlib", name = "MoveStdlib" },
  { id = "Sui", name = "Sui" },
  { id = "SuiSystem", name = "SuiSystem" },
]

[[move.package]]
id = "MoveStdlib"
source = { git = "https://github.com/MystenLabs/sui.git", rev = "2c930c25f8d3", subdir = "crates/sui-framework/packages/move-stdlib" }

[[move.package]]
id = "Sui"
source = { git = "https://github.com/MystenLabs/sui.git", rev = "2c930c25f8d3", subdir = "crates/sui-framework/packages/sui-framework" }

dependencies = [
  { id = "MoveStdlib", name = "MoveStdlib" },
]

[[move.package]]
id = "SuiSystem"
source = { git = "https://github.com/MystenLabs/sui.git", rev = "2c930c25f8d3", subdir = "crates/sui-framework/packages/sui-system" }

dependencies = [
  { id = "MoveStdlib", name = "MoveStdlib" },
  { id = "Sui", name = "Sui" },
]

[move.toolchain-version]
compiler-version = "1.53.0"
edition = "2024.beta"
flavor = "sui"

[env]

[env.devnet]
chain-id = "a7f2607f"
original-published-id = "0x404738cf9141de33b89bbafbeba8d1e3a6d8bae013f28b02543ca991eca9312d"
latest-published-id = "0x404738cf9141de33b89bbafbeba8d1e3a6d8bae013f28b02543ca991eca9312d"
published-version = "1"

[env.testnet]
chain-id = "4c78adac"
original-published-id = "0xef57b34913323ef974640f13c596a35df83a448483b46e96763a1b7b5633c02c"
latest-published-id = "0xef57b34913323ef974640f13c596a35df83a448483b46e96763a1b7b5633c02c"
published-version = "1"
